
Microsoft Visual Studio Solution File, Format Version 12.00
# Visual Studio Version 16
VisualStudioVersion = 16.0.30621.155
MinimumVisualStudioVersion = 10.0.40219.1
Project("{FAE04EC0-301F-11D3-BF4B-00C04F79EFBC}") = "TASK2", "TASK2\TASK2.csproj", "{9CF21223-7FD1-4BC2-965A-7D1C7619B87A}"
EndProject
Global
	GlobalSection(SolutionConfigurationPlatforms) = preSolution
		Debug|Any CPU = Debug|Any CPU
		Release|Any CPU = Release|Any CPU
	EndGlobalSection
	GlobalSection(ProjectConfigurationPlatforms) = postSolution
		{9CF21223-7FD1-4BC2-965A-7D1C7619B87A}.Debug|Any CPU.ActiveCfg = Debug|Any CPU
		{9CF21223-7FD1-4BC2-965A-7D1C7619B87A}.Debug|Any CPU.Build.0 = Debug|Any CPU
		{9CF21223-7FD1-4BC2-965A-7D1C7619B87A}.Release|Any CPU.ActiveCfg = Release|Any CPU
		{9CF21223-7FD1-4BC2-965A-7D1C7619B87A}.Release|Any CPU.Build.0 = Release|Any CPU
	EndGlobalSection
	GlobalSection(SolutionProperties) = preSolution
		HideSolutionNode = FALSE
	EndGlobalSection
	GlobalSection(ExtensibilityGlobals) = postSolution
		SolutionGuid = {B439997B-1B29-48D3-8533-B9ED1ED2DEE4}
	EndGlobalSection
EndGlobal
